
Microsoft Visual Studio Solution File, Format Version 12.00
# Visual Studio Version 16
VisualStudioVersion = 16.0.30204.135
MinimumVisualStudioVersion = 10.0.40219.1
Project("{FAE04EC0-301F-11D3-BF4B-00C04F79EFBC}") = "SimpleOsuPerformanceCalculator", "SimpleOsuPerformanceCalculator\SimpleOsuPerformanceCalculator.csproj", "{1AC0F8BF-1356-4861-8E92-34FB3E34066C}"
EndProject
Project("{9A19103F-16F7-4668-BE54-9A1E7A4F7556}") = "osu.Game", "osu\osu.Game\osu.Game.csproj", "{678272FB-866E-411D-B0B2-7D2DCD836BE7}"
EndProject
Project("{9A19103F-16F7-4668-BE54-9A1E7A4F7556}") = "osu.Game.Rulesets.Catch", "osu\osu.Game.Rulesets.Catch\osu.Game.Rulesets.Catch.csproj", "{4DA95A54-A9B3-4B1A-885A-89C5165963B9}"
EndProject
Project("{9A19103F-16F7-4668-BE54-9A1E7A4F7556}") = "osu.Game.Rulesets.Osu", "osu\osu.Game.Rulesets.Osu\osu.Game.Rulesets.Osu.csproj", "{B857EBF2-32D6-46ED-9550-87D1E9E7D6CA}"
EndProject
Project("{9A19103F-16F7-4668-BE54-9A1E7A4F7556}") = "osu.Game.Rulesets.Taiko", "osu\osu.Game.Rulesets.Taiko\osu.Game.Rulesets.Taiko.csproj", "{CAB76817-45BA-44A9-80F0-D39C740D21D5}"
EndProject
Project("{9A19103F-16F7-4668-BE54-9A1E7A4F7556}") = "osu.Game.Rulesets.Mania", "osu\osu.Game.Rulesets.Mania\osu.Game.Rulesets.Mania.csproj", "{A03C6720-F683-4CDA-BE15-A8FEFB0D3F02}"
EndProject
Project("{FAE04EC0-301F-11D3-BF4B-00C04F79EFBC}") = "SimpleOsuPerformanceCalculator.Test", "SimpleOsuPerformanceCalculator.Test\SimpleOsuPerformanceCalculator.Test.csproj", "{C5B1358C-1ED6-4AD0-8DC8-42499B627585}"
EndProject
Global
	GlobalSection(SolutionConfigurationPlatforms) = preSolution
		Debug|Any CPU = Debug|Any CPU
		Release|Any CPU = Release|Any CPU
	EndGlobalSection
	GlobalSection(ProjectConfigurationPlatforms) = postSolution
		{1AC0F8BF-1356-4861-8E92-34FB3E34066C}.Debug|Any CPU.ActiveCfg = Debug|Any CPU
		{1AC0F8BF-1356-4861-8E92-34FB3E34066C}.Debug|Any CPU.Build.0 = Debug|Any CPU
		{1AC0F8BF-1356-4861-8E92-34FB3E34066C}.Release|Any CPU.ActiveCfg = Release|Any CPU
		{1AC0F8BF-1356-4861-8E92-34FB3E34066C}.Release|Any CPU.Build.0 = Release|Any CPU
		{678272FB-866E-411D-B0B2-7D2DCD836BE7}.Debug|Any CPU.ActiveCfg = Debug|Any CPU
		{678272FB-866E-411D-B0B2-7D2DCD836BE7}.Debug|Any CPU.Build.0 = Debug|Any CPU
		{678272FB-866E-411D-B0B2-7D2DCD836BE7}.Release|Any CPU.ActiveCfg = Release|Any CPU
		{678272FB-866E-411D-B0B2-7D2DCD836BE7}.Release|Any CPU.Build.0 = Release|Any CPU
		{4DA95A54-A9B3-4B1A-885A-89C5165963B9}.Debug|Any CPU.ActiveCfg = Debug|Any CPU
		{4DA95A54-A9B3-4B1A-885A-89C5165963B9}.Debug|Any CPU.Build.0 = Debug|Any CPU
		{4DA95A54-A9B3-4B1A-885A-89C5165963B9}.Release|Any CPU.ActiveCfg = Release|Any CPU
		{4DA95A54-A9B3-4B1A-885A-89C5165963B9}.Release|Any CPU.Build.0 = Release|Any CPU
		{B857EBF2-32D6-46ED-9550-87D1E9E7D6CA}.Debug|Any CPU.ActiveCfg = Debug|Any CPU
		{B857EBF2-32D6-46ED-9550-87D1E9E7D6CA}.Debug|Any CPU.Build.0 = Debug|Any CPU
		{B857EBF2-32D6-46ED-9550-87D1E9E7D6CA}.Release|Any CPU.ActiveCfg = Release|Any CPU
		{B857EBF2-32D6-46ED-9550-87D1E9E7D6CA}.Release|Any CPU.Build.0 = Release|Any CPU
		{CAB76817-45BA-44A9-80F0-D39C740D21D5}.Debug|Any CPU.ActiveCfg = Debug|Any CPU
		{CAB76817-45BA-44A9-80F0-D39C740D21D5}.Debug|Any CPU.Build.0 = Debug|Any CPU
		{CAB76817-45BA-44A9-80F0-D39C740D21D5}.Release|Any CPU.ActiveCfg = Release|Any CPU
		{CAB76817-45BA-44A9-80F0-D39C740D21D5}.Release|Any CPU.Build.0 = Release|Any CPU
		{A03C6720-F683-4CDA-BE15-A8FEFB0D3F02}.Debug|Any CPU.ActiveCfg = Debug|Any CPU
		{A03C6720-F683-4CDA-BE15-A8FEFB0D3F02}.Debug|Any CPU.Build.0 = Debug|Any CPU
		{A03C6720-F683-4CDA-BE15-A8FEFB0D3F02}.Release|Any CPU.ActiveCfg = Release|Any CPU
		{A03C6720-F683-4CDA-BE15-A8FEFB0D3F02}.Release|Any CPU.Build.0 = Release|Any CPU
		{C5B1358C-1ED6-4AD0-8DC8-42499B627585}.Debug|Any CPU.ActiveCfg = Debug|Any CPU
		{C5B1358C-1ED6-4AD0-8DC8-42499B627585}.Debug|Any CPU.Build.0 = Debug|Any CPU
		{C5B1358C-1ED6-4AD0-8DC8-42499B627585}.Release|Any CPU.ActiveCfg = Release|Any CPU
		{C5B1358C-1ED6-4AD0-8DC8-42499B627585}.Release|Any CPU.Build.0 = Release|Any CPU
	EndGlobalSection
	GlobalSection(SolutionProperties) = preSolution
		HideSolutionNode = FALSE
	EndGlobalSection
	GlobalSection(ExtensibilityGlobals) = postSolution
		SolutionGuid = {12BDACA5-F10A-4F57-AE7F-3E81075ADA1D}
	EndGlobalSection
EndGlobal
